
Microsoft Visual Studio Solution File, Format Version 12.00
# Visual Studio 2013
VisualStudioVersion = 12.0.31101.0
MinimumVisualStudioVersion = 10.0.40219.1
Project("{FAE04EC0-301F-11D3-BF4B-00C04F79EFBC}") = "MarvellousMarkovModels", "MarvellousMarkovModels\MarvellousMarkovModels.csproj", "{BE7C56BF-849C-4571-9954-D5596F2F30D9}"
EndProject
Project("{FAE04EC0-301F-11D3-BF4B-00C04F79EFBC}") = "MarvellousMarkovModels.Test", "MarvellousMarkovModels.Test\MarvellousMarkovModels.Test.csproj", "{83E37397-368C-4F07-8298-F4819C34DB27}"
EndProject
Global
	GlobalSection(SolutionConfigurationPlatforms) = preSolution
		Debug|Any CPU = Debug|Any CPU
		Release|Any CPU = Release|Any CPU
	EndGlobalSection
	GlobalSection(ProjectConfigurationPlatforms) = postSolution
		{BE7C56BF-849C-4571-9954-D5596F2F30D9}.Debug|Any CPU.ActiveCfg = Debug|Any CPU
		{BE7C56BF-849C-4571-9954-D5596F2F30D9}.Debug|Any CPU.Build.0 = Debug|Any CPU
		{BE7C56BF-849C-4571-9954-D5596F2F30D9}.Release|Any CPU.ActiveCfg = Release|Any CPU
		{BE7C56BF-849C-4571-9954-D5596F2F30D9}.Release|Any CPU.Build.0 = Release|Any CPU
		{83E37397-368C-4F07-8298-F4819C34DB27}.Debug|Any CPU.ActiveCfg = Debug|Any CPU
		{83E37397-368C-4F07-8298-F4819C34DB27}.Debug|Any CPU.Build.0 = Debug|Any CPU
		{83E37397-368C-4F07-8298-F4819C34DB27}.Release|Any CPU.ActiveCfg = Release|Any CPU
		{83E37397-368C-4F07-8298-F4819C34DB27}.Release|Any CPU.Build.0 = Release|Any CPU
	EndGlobalSection
	GlobalSection(SolutionProperties) = preSolution
		HideSolutionNode = FALSE
	EndGlobalSection
EndGlobal
